
Microsoft Visual Studio Solution File, Format Version 12.00
# Visual Studio Version 16
VisualStudioVersion = 16.0.31321.278
MinimumVisualStudioVersion = 10.0.40219.1
Project("{8BC9CEB8-8B4A-11D0-8D11-00A0C91BC942}") = "simple_world", "simple_world.vcxproj", "{43CBAC36-00E0-42FE-ADEE-2FD5A7E113E4}"
EndProject
Global
	GlobalSection(SolutionConfigurationPlatforms) = preSolution
		Debug|x64 = Debug|x64
		Debug|x86 = Debug|x86
		Extended_debug|x64 = Extended_debug|x64
		Extended_debug|x86 = Extended_debug|x86
		Extended_release|x64 = Extended_release|x64
		Extended_release|x86 = Extended_release|x86
		Extended|x64 = Extended|x64
		Extended|x86 = Extended|x86
		Release|x64 = Release|x64
		Release|x86 = Release|x86
	EndGlobalSection
	GlobalSection(ProjectConfigurationPlatforms) = postSolution
		{43CBAC36-00E0-42FE-ADEE-2FD5A7E113E4}.Debug|x64.ActiveCfg = Debug|x64
		{43CBAC36-00E0-42FE-ADEE-2FD5A7E113E4}.Debug|x64.Build.0 = Debug|x64
		{43CBAC36-00E0-42FE-ADEE-2FD5A7E113E4}.Debug|x86.ActiveCfg = Debug|Win32
		{43CBAC36-00E0-42FE-ADEE-2FD5A7E113E4}.Debug|x86.Build.0 = Debug|Win32
		{43CBAC36-00E0-42FE-ADEE-2FD5A7E113E4}.Extended_debug|x64.ActiveCfg = Extended_debug|x64
		{43CBAC36-00E0-42FE-ADEE-2FD5A7E113E4}.Extended_debug|x64.Build.0 = Extended_debug|x64
		{43CBAC36-00E0-42FE-ADEE-2FD5A7E113E4}.Extended_debug|x86.ActiveCfg = Extended_debug|Win32
		{43CBAC36-00E0-42FE-ADEE-2FD5A7E113E4}.Extended_debug|x86.Build.0 = Extended_debug|Win32
		{43CBAC36-00E0-42FE-ADEE-2FD5A7E113E4}.Extended_release|x64.ActiveCfg = Extended_release|x64
		{43CBAC36-00E0-42FE-ADEE-2FD5A7E113E4}.Extended_release|x64.Build.0 = Extended_release|x64
		{43CBAC36-00E0-42FE-ADEE-2FD5A7E113E4}.Extended_release|x86.ActiveCfg = Extended_release|Win32
		{43CBAC36-00E0-42FE-ADEE-2FD5A7E113E4}.Extended_release|x86.Build.0 = Extended_release|Win32
		{43CBAC36-00E0-42FE-ADEE-2FD5A7E113E4}.Extended|x64.ActiveCfg = Extended|x64
		{43CBAC36-00E0-42FE-ADEE-2FD5A7E113E4}.Extended|x64.Build.0 = Extended|x64
		{43CBAC36-00E0-42FE-ADEE-2FD5A7E113E4}.Extended|x86.ActiveCfg = Extended_debug|Win32
		{43CBAC36-00E0-42FE-ADEE-2FD5A7E113E4}.Extended|x86.Build.0 = Extended_debug|Win32
		{43CBAC36-00E0-42FE-ADEE-2FD5A7E113E4}.Release|x64.ActiveCfg = Release|x64
		{43CBAC36-00E0-42FE-ADEE-2FD5A7E113E4}.Release|x64.Build.0 = Release|x64
		{43CBAC36-00E0-42FE-ADEE-2FD5A7E113E4}.Release|x86.ActiveCfg = Release|Win32
		{43CBAC36-00E0-42FE-ADEE-2FD5A7E113E4}.Release|x86.Build.0 = Release|Win32
	EndGlobalSection
	GlobalSection(SolutionProperties) = preSolution
		HideSolutionNode = FALSE
	EndGlobalSection
	GlobalSection(ExtensibilityGlobals) = postSolution
		SolutionGuid = {7FC73D28-40B2-492B-8265-8B7CC80807B5}
	EndGlobalSection
EndGlobal
